
Microsoft Visual Studio Solution File, Format Version 12.00
# Visual Studio Version 16
VisualStudioVersion = 16.0.30907.101
MinimumVisualStudioVersion = 10.0.40219.1
Project("{FAE04EC0-301F-11D3-BF4B-00C04F79EFBC}") = "AMS.Database", "Services\Application\AMS.Database\AMS.Database.csproj", "{3DDF600E-C0B9-46D6-AD2C-C931620D2FCC}"
EndProject
Project("{FAE04EC0-301F-11D3-BF4B-00C04F79EFBC}") = "AMS.Domain", "Services\Application\AMS.Domain\AMS.Domain.csproj", "{51A6DF08-A628-4EB7-9A00-9DEAA9514ABE}"
EndProject
Project("{FAE04EC0-301F-11D3-BF4B-00C04F79EFBC}") = "AMS.Logic", "Services\Application\AMS.Logic\AMS.Logic.csproj", "{1C1ACC03-E4B2-427D-8EBE-FE186000E021}"
EndProject
Project("{2150E333-8FDC-42A3-9474-1A3956D46DE8}") = "AccountsManagementSystem", "AccountsManagementSystem", "{65C1ACA1-D06B-436C-8DCE-AEC5B349916F}"
EndProject
Project("{2150E333-8FDC-42A3-9474-1A3956D46DE8}") = "Identity", "Identity", "{D7ECB209-9D6E-4AD5-BB1D-350E276E8B40}"
EndProject
Project("{2150E333-8FDC-42A3-9474-1A3956D46DE8}") = "Tests", "Tests", "{C760CC4D-C8DA-4870-B00C-5839BFF8C8DC}"
EndProject
Project("{FAE04EC0-301F-11D3-BF4B-00C04F79EFBC}") = "UnitTests", "Services\Tests\UnitTests\UnitTests.csproj", "{072AF3DE-0C5B-4428-A17B-F4223D2DBEC8}"
EndProject
Project("{2150E333-8FDC-42A3-9474-1A3956D46DE8}") = "EventBus", "EventBus", "{EA23B1CA-CD07-40EA-8407-0ABF436D9C32}"
EndProject
Project("{FAE04EC0-301F-11D3-BF4B-00C04F79EFBC}") = "RabbitMQEventBus", "Services\EventBus\RabbitMQEventBus\RabbitMQEventBus.csproj", "{D03240D5-9538-4E6F-A129-5D33B904D56D}"
EndProject
Project("{FAE04EC0-301F-11D3-BF4B-00C04F79EFBC}") = "AMS.API", "Services\Application\AMS.API\AMS.API.csproj", "{F1361977-6680-4FF8-A722-DDE7602A6248}"
EndProject
Project("{FAE04EC0-301F-11D3-BF4B-00C04F79EFBC}") = "AMS.Helpers", "Services\Application\AMS.Helpers\AMS.Helpers.csproj", "{23DC4B5F-0EB4-45F9-B549-3788E2B3A047}"
EndProject
Project("{FAE04EC0-301F-11D3-BF4B-00C04F79EFBC}") = "IntegrationTests", "Services\Tests\IntegrationTests\IntegrationTests.csproj", "{09E32FD7-0226-4928-B855-DA15996D1B84}"
EndProject
Project("{FAE04EC0-301F-11D3-BF4B-00C04F79EFBC}") = "IdentityApi", "Services\Identity\IdentityApi\IdentityApi.csproj", "{57DB88B3-8BB9-41E3-B82A-2CB919DDC879}"
EndProject
Global
	GlobalSection(SolutionConfigurationPlatforms) = preSolution
		Debug|Any CPU = Debug|Any CPU
		Release|Any CPU = Release|Any CPU
	EndGlobalSection
	GlobalSection(ProjectConfigurationPlatforms) = postSolution
		{3DDF600E-C0B9-46D6-AD2C-C931620D2FCC}.Debug|Any CPU.ActiveCfg = Debug|Any CPU
		{3DDF600E-C0B9-46D6-AD2C-C931620D2FCC}.Debug|Any CPU.Build.0 = Debug|Any CPU
		{3DDF600E-C0B9-46D6-AD2C-C931620D2FCC}.Release|Any CPU.ActiveCfg = Release|Any CPU
		{3DDF600E-C0B9-46D6-AD2C-C931620D2FCC}.Release|Any CPU.Build.0 = Release|Any CPU
		{51A6DF08-A628-4EB7-9A00-9DEAA9514ABE}.Debug|Any CPU.ActiveCfg = Debug|Any CPU
		{51A6DF08-A628-4EB7-9A00-9DEAA9514ABE}.Debug|Any CPU.Build.0 = Debug|Any CPU
		{51A6DF08-A628-4EB7-9A00-9DEAA9514ABE}.Release|Any CPU.ActiveCfg = Release|Any CPU
		{51A6DF08-A628-4EB7-9A00-9DEAA9514ABE}.Release|Any CPU.Build.0 = Release|Any CPU
		{1C1ACC03-E4B2-427D-8EBE-FE186000E021}.Debug|Any CPU.ActiveCfg = Debug|Any CPU
		{1C1ACC03-E4B2-427D-8EBE-FE186000E021}.Debug|Any CPU.Build.0 = Debug|Any CPU
		{1C1ACC03-E4B2-427D-8EBE-FE186000E021}.Release|Any CPU.ActiveCfg = Release|Any CPU
		{1C1ACC03-E4B2-427D-8EBE-FE186000E021}.Release|Any CPU.Build.0 = Release|Any CPU
		{072AF3DE-0C5B-4428-A17B-F4223D2DBEC8}.Debug|Any CPU.ActiveCfg = Debug|Any CPU
		{072AF3DE-0C5B-4428-A17B-F4223D2DBEC8}.Debug|Any CPU.Build.0 = Debug|Any CPU
		{072AF3DE-0C5B-4428-A17B-F4223D2DBEC8}.Release|Any CPU.ActiveCfg = Release|Any CPU
		{072AF3DE-0C5B-4428-A17B-F4223D2DBEC8}.Release|Any CPU.Build.0 = Release|Any CPU
		{D03240D5-9538-4E6F-A129-5D33B904D56D}.Debug|Any CPU.ActiveCfg = Debug|Any CPU
		{D03240D5-9538-4E6F-A129-5D33B904D56D}.Debug|Any CPU.Build.0 = Debug|Any CPU
		{D03240D5-9538-4E6F-A129-5D33B904D56D}.Release|Any CPU.ActiveCfg = Release|Any CPU
		{D03240D5-9538-4E6F-A129-5D33B904D56D}.Release|Any CPU.Build.0 = Release|Any CPU
		{F1361977-6680-4FF8-A722-DDE7602A6248}.Debug|Any CPU.ActiveCfg = Debug|Any CPU
		{F1361977-6680-4FF8-A722-DDE7602A6248}.Debug|Any CPU.Build.0 = Debug|Any CPU
		{F1361977-6680-4FF8-A722-DDE7602A6248}.Release|Any CPU.ActiveCfg = Release|Any CPU
		{F1361977-6680-4FF8-A722-DDE7602A6248}.Release|Any CPU.Build.0 = Release|Any CPU
		{23DC4B5F-0EB4-45F9-B549-3788E2B3A047}.Debug|Any CPU.ActiveCfg = Debug|Any CPU
		{23DC4B5F-0EB4-45F9-B549-3788E2B3A047}.Debug|Any CPU.Build.0 = Debug|Any CPU
		{23DC4B5F-0EB4-45F9-B549-3788E2B3A047}.Release|Any CPU.ActiveCfg = Release|Any CPU
		{23DC4B5F-0EB4-45F9-B549-3788E2B3A047}.Release|Any CPU.Build.0 = Release|Any CPU
		{09E32FD7-0226-4928-B855-DA15996D1B84}.Debug|Any CPU.ActiveCfg = Debug|Any CPU
		{09E32FD7-0226-4928-B855-DA15996D1B84}.Debug|Any CPU.Build.0 = Debug|Any CPU
		{09E32FD7-0226-4928-B855-DA15996D1B84}.Release|Any CPU.ActiveCfg = Release|Any CPU
		{09E32FD7-0226-4928-B855-DA15996D1B84}.Release|Any CPU.Build.0 = Release|Any CPU
		{57DB88B3-8BB9-41E3-B82A-2CB919DDC879}.Debug|Any CPU.ActiveCfg = Debug|Any CPU
		{57DB88B3-8BB9-41E3-B82A-2CB919DDC879}.Debug|Any CPU.Build.0 = Debug|Any CPU
		{57DB88B3-8BB9-41E3-B82A-2CB919DDC879}.Release|Any CPU.ActiveCfg = Release|Any CPU
		{57DB88B3-8BB9-41E3-B82A-2CB919DDC879}.Release|Any CPU.Build.0 = Release|Any CPU
	EndGlobalSection
	GlobalSection(SolutionProperties) = preSolution
		HideSolutionNode = FALSE
	EndGlobalSection
	GlobalSection(NestedProjects) = preSolution
		{3DDF600E-C0B9-46D6-AD2C-C931620D2FCC} = {65C1ACA1-D06B-436C-8DCE-AEC5B349916F}
		{51A6DF08-A628-4EB7-9A00-9DEAA9514ABE} = {65C1ACA1-D06B-436C-8DCE-AEC5B349916F}
		{1C1ACC03-E4B2-427D-8EBE-FE186000E021} = {65C1ACA1-D06B-436C-8DCE-AEC5B349916F}
		{072AF3DE-0C5B-4428-A17B-F4223D2DBEC8} = {C760CC4D-C8DA-4870-B00C-5839BFF8C8DC}
		{D03240D5-9538-4E6F-A129-5D33B904D56D} = {EA23B1CA-CD07-40EA-8407-0ABF436D9C32}
		{F1361977-6680-4FF8-A722-DDE7602A6248} = {65C1ACA1-D06B-436C-8DCE-AEC5B349916F}
		{23DC4B5F-0EB4-45F9-B549-3788E2B3A047} = {65C1ACA1-D06B-436C-8DCE-AEC5B349916F}
		{09E32FD7-0226-4928-B855-DA15996D1B84} = {C760CC4D-C8DA-4870-B00C-5839BFF8C8DC}
		{57DB88B3-8BB9-41E3-B82A-2CB919DDC879} = {D7ECB209-9D6E-4AD5-BB1D-350E276E8B40}
	EndGlobalSection
	GlobalSection(ExtensibilityGlobals) = postSolution
		SolutionGuid = {D4C3A278-0949-4081-BC3A-5369637138D6}
	EndGlobalSection
EndGlobal
